<?xml version="1.0" encoding="utf-8"?>
<Project ToolsVersion="4.0" xmlns="http://schemas.microsoft.com/developer/msbuild/2003">
  <ItemGroup>
    <ClCompile Include="system\system.cpp">
      <Filter>Source Files</Filter>
    </ClCompile>
    <ClCompile Include="coprocessor\armdsp\armdsp.cpp">
      <Filter>Source Files</Filter>
    </ClCompile>
    <ClCompile Include="slot\bsmemory\bsmemory.cpp">
      <Filter>Source Files</Filter>
    </ClCompile>
    <ClCompile Include="cartridge\cartridge.cpp">
      <Filter>Source Files</Filter>
    </ClCompile>
    <ClCompile Include="cheat\cheat.cpp">
      <Filter>Source Files</Filter>
    </ClCompile>
    <ClCompile Include="controller\controller.cpp">
      <Filter>Source Files</Filter>
    </ClCompile>
    <ClCompile Include="cpu\cpu.cpp">
      <Filter>Source Files</Filter>
    </ClCompile>
    <ClCompile Include="expansion\eboot\eboot.cpp">
      <Filter>Source Files</Filter>
    </ClCompile>
    <ClCompile Include="coprocessor\epsonrtc\epsonrtc.cpp">
      <Filter>Source Files</Filter>
    </ClCompile>
    <ClCompile Include="coprocessor\event\event.cpp">
      <Filter>Source Files</Filter>
    </ClCompile>
    <ClCompile Include="coprocessor\hitachidsp\hitachidsp.cpp">
      <Filter>Source Files</Filter>
    </ClCompile>
    <ClCompile Include="coprocessor\icd2\icd2.cpp">
      <Filter>Source Files</Filter>
    </ClCompile>
    <ClCompile Include="interface\interface.cpp">
      <Filter>Source Files</Filter>
    </ClCompile>
    <ClCompile Include="coprocessor\mcc\mcc.cpp">
      <Filter>Source Files</Filter>
    </ClCompile>
    <ClCompile Include="memory\memory.cpp">
      <Filter>Source Files</Filter>
    </ClCompile>
    <ClCompile Include="coprocessor\msu1\msu1.cpp">
      <Filter>Source Files</Filter>
    </ClCompile>
    <ClCompile Include="coprocessor\necdsp\necdsp.cpp">
      <Filter>Source Files</Filter>
    </ClCompile>
    <ClCompile Include="coprocessor\nss\nss.cpp">
      <Filter>Source Files</Filter>
    </ClCompile>
    <ClCompile Include="coprocessor\obc1\obc1.cpp">
      <Filter>Source Files</Filter>
    </ClCompile>
    <ClCompile Include="coprocessor\sa1\sa1.cpp">
      <Filter>Source Files</Filter>
    </ClCompile>
    <ClCompile Include="expansion\satellaview\satellaview.cpp">
      <Filter>Source Files</Filter>
    </ClCompile>
    <ClCompile Include="coprocessor\sdd1\sdd1.cpp">
      <Filter>Source Files</Filter>
    </ClCompile>
    <ClCompile Include="coprocessor\sharprtc\sharprtc.cpp">
      <Filter>Source Files</Filter>
    </ClCompile>
    <ClCompile Include="smp\smp.cpp">
      <Filter>Source Files</Filter>
    </ClCompile>
    <ClCompile Include="coprocessor\spc7110\spc7110.cpp">
      <Filter>Source Files</Filter>
    </ClCompile>
    <ClCompile Include="slot\sufamiturbo\sufamiturbo.cpp">
      <Filter>Source Files</Filter>
    </ClCompile>
    <ClCompile Include="coprocessor\superfx\superfx.cpp">
      <Filter>Source Files</Filter>
    </ClCompile>
    <ClCompile Include="dsp\dsp.cpp" />
    <ClCompile Include="ppu\ppu.cpp" />
  </ItemGroup>
  <ItemGroup>
    <Filter Include="Source Files">
      <UniqueIdentifier>{dda17332-4ccc-413f-98f3-e8de0c360f50}</UniqueIdentifier>
    </Filter>
    <Filter Include="Header Files">
      <UniqueIdentifier>{e9c1e9fb-abcf-4fb9-93f5-25efc31b585c}</UniqueIdentifier>
    </Filter>
  </ItemGroup>
</Project>